{
  "nodes": {
    "colored-man": {
      "flake": false,
      "locked": {
        "lastModified": 1626408713,
        "narHash": "sha256-uoZ4eSFbZlsRfISIkJQp24qPUNqxeD0JbRb/gVdRYlA=",
        "owner": "decors",
        "repo": "fish-colored-man",
        "rev": "1ad8fff696d48c8bf173aa98f9dff39d7916de0e",
        "type": "github"
      },
      "original": {
        "owner": "decors",
        "repo": "fish-colored-man",
        "type": "github"
      }
    },
    "fish-plugins": {
      "inputs": {
        "colored-man": "colored-man",
        "nixpkgs": [
          "nixpkgs"
        ],
        "nixpkgs-unstable": "nixpkgs-unstable"
      },
      "locked": {
        "path": "./flakes/fish-plugins",
        "type": "path"
      },
      "original": {
        "path": "./flakes/fish-plugins",
        "type": "path"
      },
      "parent": []
    },
    "flake-parts": {
      "inputs": {
        "nixpkgs-lib": [
          "nur",
          "nixpkgs"
        ]
      },
      "locked": {
        "lastModified": 1733312601,
        "narHash": "sha256-4pDvzqnegAfRkPwO3wmwBhVi/Sye1mzps0zHWYnP88c=",
        "owner": "hercules-ci",
        "repo": "flake-parts",
        "rev": "205b12d8b7cd4802fbcb8e8ef6a0f1408781a4f9",
        "type": "github"
      },
      "original": {
        "owner": "hercules-ci",
        "repo": "flake-parts",
        "type": "github"
      }
    },
    "home-manager": {
      "inputs": {
        "nixpkgs": [
          "nixpkgs"
        ]
      },
      "locked": {
        "lastModified": 1749154018,
        "narHash": "sha256-gjN3j7joRvT3a8Zgcylnd4NFsnXeDBumqiu4HmY1RIg=",
        "owner": "nix-community",
        "repo": "home-manager",
        "rev": "7aae0ee71a17b19708b93b3ed448a1a0952bf111",
        "type": "github"
      },
      "original": {
        "owner": "nix-community",
        "ref": "release-25.05",
        "repo": "home-manager",
        "type": "github"
      }
    },
    "home-manager_2": {
      "inputs": {
        "nixpkgs": [
          "zen-browser",
          "nixpkgs"
        ]
      },
      "locked": {
        "lastModified": 1743604125,
        "narHash": "sha256-ZD61DNbsBt1mQbinAaaEqKaJk2RFo9R/j+eYWeGMx7A=",
        "owner": "nix-community",
        "repo": "home-manager",
        "rev": "180fd43eea296e62ae68e079fcf56aba268b9a1a",
        "type": "github"
      },
      "original": {
        "owner": "nix-community",
        "repo": "home-manager",
        "type": "github"
      }
    },
    "nixpkgs": {
      "locked": {
        "lastModified": 1749237914,
        "narHash": "sha256-N5waoqWt8aMr/MykZjSErOokYH6rOsMMXu3UOVH5kiw=",
        "owner": "NixOS",
        "repo": "nixpkgs",
        "rev": "70c74b02eac46f4e4aa071e45a6189ce0f6d9265",
        "type": "github"
      },
      "original": {
        "owner": "NixOS",
        "ref": "nixos-25.05",
        "repo": "nixpkgs",
        "type": "github"
      }
    },
    "nixpkgs-unstable": {
      "locked": {
        "lastModified": 1749143949,
        "narHash": "sha256-QuUtALJpVrPnPeozlUG/y+oIMSLdptHxb3GK6cpSVhA=",
        "owner": "NixOS",
        "repo": "nixpkgs",
        "rev": "d3d2d80a2191a73d1e86456a751b83aa13085d7d",
        "type": "github"
      },
      "original": {
        "owner": "NixOS",
        "ref": "nixos-unstable",
        "repo": "nixpkgs",
        "type": "github"
      }
    },
    "nixpkgs-unstable_2": {
      "locked": {
        "lastModified": 1749143949,
        "narHash": "sha256-QuUtALJpVrPnPeozlUG/y+oIMSLdptHxb3GK6cpSVhA=",
        "owner": "NixOS",
        "repo": "nixpkgs",
        "rev": "d3d2d80a2191a73d1e86456a751b83aa13085d7d",
        "type": "github"
      },
      "original": {
        "owner": "NixOS",
        "ref": "nixos-unstable",
        "repo": "nixpkgs",
        "type": "github"
      }
    },
    "nixpkgs_2": {
      "locked": {
        "lastModified": 1749143949,
        "narHash": "sha256-QuUtALJpVrPnPeozlUG/y+oIMSLdptHxb3GK6cpSVhA=",
        "owner": "nixos",
        "repo": "nixpkgs",
        "rev": "d3d2d80a2191a73d1e86456a751b83aa13085d7d",
        "type": "github"
      },
      "original": {
        "owner": "nixos",
        "ref": "nixos-unstable",
        "repo": "nixpkgs",
        "type": "github"
      }
    },
    "nur": {
      "inputs": {
        "flake-parts": "flake-parts",
        "nixpkgs": "nixpkgs_2",
        "treefmt-nix": "treefmt-nix"
      },
      "locked": {
        "lastModified": 1749392310,
        "narHash": "sha256-BTEZrc/T2Yn80uGYF++HXP5t22Lc1/txpPrUb7HbFes=",
        "owner": "nix-community",
        "repo": "NUR",
        "rev": "2f2b1e388f2c8216ae16b52dbb013479aaf6671d",
        "type": "github"
      },
      "original": {
        "owner": "nix-community",
        "repo": "NUR",
        "type": "github"
      }
    },
    "root": {
      "inputs": {
        "fish-plugins": "fish-plugins",
        "home-manager": "home-manager",
        "nixpkgs": "nixpkgs",
        "nixpkgs-unstable": "nixpkgs-unstable_2",
        "nur": "nur",
        "sops-nix": "sops-nix",
        "zen-browser": "zen-browser"
      }
    },
    "sops-nix": {
      "inputs": {
        "nixpkgs": [
          "nixpkgs"
        ]
      },
      "locked": {
        "lastModified": 1747603214,
        "narHash": "sha256-lAblXm0VwifYCJ/ILPXJwlz0qNY07DDYdLD+9H+Wc8o=",
        "owner": "Mic92",
        "repo": "sops-nix",
        "rev": "8d215e1c981be3aa37e47aeabd4e61bb069548fd",
        "type": "github"
      },
      "original": {
        "owner": "Mic92",
        "repo": "sops-nix",
        "type": "github"
      }
    },
    "treefmt-nix": {
      "inputs": {
        "nixpkgs": [
          "nur",
          "nixpkgs"
        ]
      },
      "locked": {
        "lastModified": 1733222881,
        "narHash": "sha256-JIPcz1PrpXUCbaccEnrcUS8jjEb/1vJbZz5KkobyFdM=",
        "owner": "numtide",
        "repo": "treefmt-nix",
        "rev": "49717b5af6f80172275d47a418c9719a31a78b53",
        "type": "github"
      },
      "original": {
        "owner": "numtide",
        "repo": "treefmt-nix",
        "type": "github"
      }
    },
    "zen-browser": {
      "inputs": {
        "home-manager": "home-manager_2",
        "nixpkgs": [
          "nixpkgs"
        ]
      },
      "locked": {
        "lastModified": 1749367457,
        "narHash": "sha256-d3Kw+ALwHe2c9cXyaypW2sqRUoxThXriO8vs3viDz44=",
        "owner": "0xc000022070",
        "repo": "zen-browser-flake",
        "rev": "a1fe7620e37aa595f888fb47bab0864bbbbaf814",
        "type": "github"
      },
      "original": {
        "owner": "0xc000022070",
        "repo": "zen-browser-flake",
        "type": "github"
      }
    }
  },
  "root": "root",
  "version": 7
}
