{
  "nodes": {
    "chiaroscuro": {
      "inputs": {
        "kanso-nvim": "kanso-nvim",
        "nixpkgs": [
          "nixpkgs"
        ]
      },
      "locked": {
        "lastModified": 1749564923,
        "narHash": "sha256-RR7go6HI/HAaNYaI8KSMREl1qNLvbwc4vE4FD4atVh0=",
        "owner": "pabloagn",
        "repo": "chiaroscuro.rht",
        "rev": "62f711fd9ff2b2de1a5fd869a68b8b1309145aed",
        "type": "github"
      },
      "original": {
        "owner": "pabloagn",
        "repo": "chiaroscuro.rht",
        "type": "github"
      }
    },
    "fish-colored-man": {
      "flake": false,
      "locked": {
        "lastModified": 1626408713,
        "narHash": "sha256-uoZ4eSFbZlsRfISIkJQp24qPUNqxeD0JbRb/gVdRYlA=",
        "owner": "decors",
        "repo": "fish-colored-man",
        "rev": "1ad8fff696d48c8bf173aa98f9dff39d7916de0e",
        "type": "github"
      },
      "original": {
        "owner": "decors",
        "repo": "fish-colored-man",
        "type": "github"
      }
    },
    "fish-z": {
      "flake": false,
      "locked": {
        "lastModified": 1739459792,
        "narHash": "sha256-emmjTsqt8bdI5qpx1bAzhVACkg0MNB/uffaRjjeuFxU=",
        "owner": "jethrokuan",
        "repo": "z",
        "rev": "067e867debee59aee231e789fc4631f80fa5788e",
        "type": "github"
      },
      "original": {
        "owner": "jethrokuan",
        "repo": "z",
        "type": "github"
      }
    },
    "flake-parts": {
      "inputs": {
        "nixpkgs-lib": [
          "nur",
          "nixpkgs"
        ]
      },
      "locked": {
        "lastModified": 1733312601,
        "narHash": "sha256-4pDvzqnegAfRkPwO3wmwBhVi/Sye1mzps0zHWYnP88c=",
        "owner": "hercules-ci",
        "repo": "flake-parts",
        "rev": "205b12d8b7cd4802fbcb8e8ef6a0f1408781a4f9",
        "type": "github"
      },
      "original": {
        "owner": "hercules-ci",
        "repo": "flake-parts",
        "type": "github"
      }
    },
    "home-manager": {
      "inputs": {
        "nixpkgs": [
          "nixpkgs"
        ]
      },
      "locked": {
        "lastModified": 1749154018,
        "narHash": "sha256-gjN3j7joRvT3a8Zgcylnd4NFsnXeDBumqiu4HmY1RIg=",
        "owner": "nix-community",
        "repo": "home-manager",
        "rev": "7aae0ee71a17b19708b93b3ed448a1a0952bf111",
        "type": "github"
      },
      "original": {
        "owner": "nix-community",
        "ref": "release-25.05",
        "repo": "home-manager",
        "type": "github"
      }
    },
    "home-manager_2": {
      "inputs": {
        "nixpkgs": [
          "zen-browser",
          "nixpkgs"
        ]
      },
      "locked": {
        "lastModified": 1743604125,
        "narHash": "sha256-ZD61DNbsBt1mQbinAaaEqKaJk2RFo9R/j+eYWeGMx7A=",
        "owner": "nix-community",
        "repo": "home-manager",
        "rev": "180fd43eea296e62ae68e079fcf56aba268b9a1a",
        "type": "github"
      },
      "original": {
        "owner": "nix-community",
        "repo": "home-manager",
        "type": "github"
      }
    },
    "kanso-nvim": {
      "flake": false,
      "locked": {
        "lastModified": 1749457963,
        "narHash": "sha256-ehtBAOdUBGVeS2z8u0ZV2fUTcabQa2UJB3BCNgs4MHE=",
        "owner": "webhooked",
        "repo": "kanso.nvim",
        "rev": "eb7ff15d2836fc1c4e8393a7d8ce87e6e62736e2",
        "type": "github"
      },
      "original": {
        "owner": "webhooked",
        "repo": "kanso.nvim",
        "type": "github"
      }
    },
    "nixpkgs": {
      "locked": {
        "lastModified": 1749494155,
        "narHash": "sha256-FG4DEYBpROupu758beabUk9lhrblSf5hnv84v1TLqMc=",
        "owner": "NixOS",
        "repo": "nixpkgs",
        "rev": "88331c17ba434359491e8d5889cce872464052c2",
        "type": "github"
      },
      "original": {
        "owner": "NixOS",
        "ref": "nixos-25.05",
        "repo": "nixpkgs",
        "type": "github"
      }
    },
    "nixpkgs-unstable": {
      "locked": {
        "lastModified": 1749285348,
        "narHash": "sha256-frdhQvPbmDYaScPFiCnfdh3B/Vh81Uuoo0w5TkWmmjU=",
        "owner": "NixOS",
        "repo": "nixpkgs",
        "rev": "3e3afe5174c561dee0df6f2c2b2236990146329f",
        "type": "github"
      },
      "original": {
        "owner": "NixOS",
        "ref": "nixos-unstable",
        "repo": "nixpkgs",
        "type": "github"
      }
    },
    "nixpkgs_2": {
      "locked": {
        "lastModified": 1749285348,
        "narHash": "sha256-frdhQvPbmDYaScPFiCnfdh3B/Vh81Uuoo0w5TkWmmjU=",
        "owner": "nixos",
        "repo": "nixpkgs",
        "rev": "3e3afe5174c561dee0df6f2c2b2236990146329f",
        "type": "github"
      },
      "original": {
        "owner": "nixos",
        "ref": "nixos-unstable",
        "repo": "nixpkgs",
        "type": "github"
      }
    },
    "nur": {
      "inputs": {
        "flake-parts": "flake-parts",
        "nixpkgs": "nixpkgs_2",
        "treefmt-nix": "treefmt-nix"
      },
      "locked": {
        "lastModified": 1749560521,
        "narHash": "sha256-Yizir0yHi3i+sQQu2PhExEiBPq7NSi0bXP9ypGYJLdA=",
        "owner": "nix-community",
        "repo": "NUR",
        "rev": "8facaa8de19c6af15769679c5e553a6cca62f459",
        "type": "github"
      },
      "original": {
        "owner": "nix-community",
        "repo": "NUR",
        "type": "github"
      }
    },
    "rhodium-alloys": {
      "inputs": {
        "fish-colored-man": "fish-colored-man",
        "fish-z": "fish-z",
        "yazi-miller": "yazi-miller",
        "yazi-official": "yazi-official",
        "yazi-yatline": "yazi-yatline"
      },
      "locked": {
        "lastModified": 1749539938,
        "narHash": "sha256-rN7fN7UsUURG4a8jvvBe9w6fzon4JW36HDVJZKdba10=",
        "owner": "pabloagn",
        "repo": "alloys.rhf",
        "rev": "bacc8c2693980e1ae3faafcf4ddfb9b01151eb81",
        "type": "github"
      },
      "original": {
        "owner": "pabloagn",
        "repo": "alloys.rhf",
        "type": "github"
      }
    },
    "root": {
      "inputs": {
        "chiaroscuro": "chiaroscuro",
        "home-manager": "home-manager",
        "nixpkgs": "nixpkgs",
        "nixpkgs-unstable": "nixpkgs-unstable",
        "nur": "nur",
        "rhodium-alloys": "rhodium-alloys",
        "sops-nix": "sops-nix",
        "zen-browser": "zen-browser"
      }
    },
    "sops-nix": {
      "inputs": {
        "nixpkgs": [
          "nixpkgs"
        ]
      },
      "locked": {
        "lastModified": 1747603214,
        "narHash": "sha256-lAblXm0VwifYCJ/ILPXJwlz0qNY07DDYdLD+9H+Wc8o=",
        "owner": "Mic92",
        "repo": "sops-nix",
        "rev": "8d215e1c981be3aa37e47aeabd4e61bb069548fd",
        "type": "github"
      },
      "original": {
        "owner": "Mic92",
        "repo": "sops-nix",
        "type": "github"
      }
    },
    "treefmt-nix": {
      "inputs": {
        "nixpkgs": [
          "nur",
          "nixpkgs"
        ]
      },
      "locked": {
        "lastModified": 1733222881,
        "narHash": "sha256-JIPcz1PrpXUCbaccEnrcUS8jjEb/1vJbZz5KkobyFdM=",
        "owner": "numtide",
        "repo": "treefmt-nix",
        "rev": "49717b5af6f80172275d47a418c9719a31a78b53",
        "type": "github"
      },
      "original": {
        "owner": "numtide",
        "repo": "treefmt-nix",
        "type": "github"
      }
    },
    "yazi-miller": {
      "flake": false,
      "locked": {
        "lastModified": 1744894683,
        "narHash": "sha256-pZpx7V5ud5JhEkgkfVBSuM0CFIIUXZZ+pOX0xVlHf+0=",
        "owner": "Reledia",
        "repo": "miller.yazi",
        "rev": "0a3d1316e38132ae9a6b91fbd69bab295cbbf2fe",
        "type": "github"
      },
      "original": {
        "owner": "Reledia",
        "repo": "miller.yazi",
        "type": "github"
      }
    },
    "yazi-official": {
      "flake": false,
      "locked": {
        "lastModified": 1748701279,
        "narHash": "sha256-ZCLJ6BjMAj64/zM606qxnmzl2la4dvO/F5QFicBEYfU=",
        "owner": "yazi-rs",
        "repo": "plugins",
        "rev": "63f9650e522336e0010261dcd0ffb0bf114cf912",
        "type": "github"
      },
      "original": {
        "owner": "yazi-rs",
        "repo": "plugins",
        "type": "github"
      }
    },
    "yazi-yatline": {
      "flake": false,
      "locked": {
        "lastModified": 1748679891,
        "narHash": "sha256-7uk8QXAlck0/4bynPdh/m7Os2ayW1UXbELmusPqRmf4=",
        "owner": "imsi32",
        "repo": "yatline.yazi",
        "rev": "4872af0da53023358154c8233ab698581de5b2b2",
        "type": "github"
      },
      "original": {
        "owner": "imsi32",
        "repo": "yatline.yazi",
        "type": "github"
      }
    },
    "zen-browser": {
      "inputs": {
        "home-manager": "home-manager_2",
        "nixpkgs": [
          "nixpkgs"
        ]
      },
      "locked": {
        "lastModified": 1749511163,
        "narHash": "sha256-0NpDb30Wf1wBeMHQP4N6mUVIq+tNujNX9hplZSvXWKE=",
        "owner": "0xc000022070",
        "repo": "zen-browser-flake",
        "rev": "4cbc88072f1597e1757ec82fefaacc02f49c6c98",
        "type": "github"
      },
      "original": {
        "owner": "0xc000022070",
        "repo": "zen-browser-flake",
        "type": "github"
      }
    }
  },
  "root": "root",
  "version": 7
}
