{
  "nodes": {
    "colored-man": {
      "flake": false,
      "locked": {
        "lastModified": 1626408713,
        "narHash": "sha256-uoZ4eSFbZlsRfISIkJQp24qPUNqxeD0JbRb/gVdRYlA=",
        "owner": "decors",
        "repo": "fish-colored-man",
        "rev": "1ad8fff696d48c8bf173aa98f9dff39d7916de0e",
        "type": "github"
      },
      "original": {
        "owner": "decors",
        "repo": "fish-colored-man",
        "type": "github"
      }
    },
    "nixpkgs": {
      "locked": {
        "lastModified": 1749394752,
        "narHash": "sha256-CWaLWQ2c5jEwWU7BiFPE0cXKQ4E2iyKuG5y8/ZNqxi0=",
        "owner": "NixOS",
        "repo": "nixpkgs",
        "rev": "178baa95a606b37ac079f9d730d0c7955e30d04e",
        "type": "github"
      },
      "original": {
        "owner": "NixOS",
        "repo": "nixpkgs",
        "type": "github"
      }
    },
    "root": {
      "inputs": {
        "colored-man": "colored-man",
        "nixpkgs": "nixpkgs"
      }
    }
  },
  "root": "root",
  "version": 7
}
