{
  "nodes": {
    "full-border": {
      "flake": false,
      "locked": {
        "lastModified": 1748701279,
        "narHash": "sha256-ZCLJ6BjMAj64/zM606qxnmzl2la4dvO/F5QFicBEYfU=",
        "owner": "yazi-rs",
        "repo": "plugins",
        "rev": "63f9650e522336e0010261dcd0ffb0bf114cf912",
        "type": "github"
      },
      "original": {
        "owner": "yazi-rs",
        "repo": "plugins",
        "type": "github"
      }
    },
    "git": {
      "flake": false,
      "locked": {
        "lastModified": 1748701279,
        "narHash": "sha256-ZCLJ6BjMAj64/zM606qxnmzl2la4dvO/F5QFicBEYfU=",
        "owner": "yazi-rs",
        "repo": "plugins",
        "rev": "63f9650e522336e0010261dcd0ffb0bf114cf912",
        "type": "github"
      },
      "original": {
        "owner": "yazi-rs",
        "repo": "plugins",
        "type": "github"
      }
    },
    "miller": {
      "flake": false,
      "locked": {
        "lastModified": 1744894683,
        "narHash": "sha256-pZpx7V5ud5JhEkgkfVBSuM0CFIIUXZZ+pOX0xVlHf+0=",
        "owner": "Reledia",
        "repo": "miller.yazi",
        "rev": "0a3d1316e38132ae9a6b91fbd69bab295cbbf2fe",
        "type": "github"
      },
      "original": {
        "owner": "Reledia",
        "repo": "miller.yazi",
        "type": "github"
      }
    },
    "nixpkgs": {
      "locked": {
        "lastModified": 1749323244,
        "narHash": "sha256-+hBO18dfV3Kp5UAW7v4p39A7uRPIfXeG1/TUQDNWP98=",
        "owner": "NixOS",
        "repo": "nixpkgs",
        "rev": "637d900e333c7d2c95274a059459f5b4bcb6accd",
        "type": "github"
      },
      "original": {
        "owner": "NixOS",
        "repo": "nixpkgs",
        "type": "github"
      }
    },
    "root": {
      "inputs": {
        "full-border": "full-border",
        "git": "git",
        "miller": "miller",
        "nixpkgs": "nixpkgs",
        "yatline": "yatline",
        "yazi-plugins": "yazi-plugins"
      }
    },
    "yatline": {
      "flake": false,
      "locked": {
        "lastModified": 1748679891,
        "narHash": "sha256-7uk8QXAlck0/4bynPdh/m7Os2ayW1UXbELmusPqRmf4=",
        "owner": "imsi32",
        "repo": "yatline.yazi",
        "rev": "4872af0da53023358154c8233ab698581de5b2b2",
        "type": "github"
      },
      "original": {
        "owner": "imsi32",
        "repo": "yatline.yazi",
        "type": "github"
      }
    },
    "yazi-plugins": {
      "flake": false,
      "locked": {
        "lastModified": 1748701279,
        "narHash": "sha256-ZCLJ6BjMAj64/zM606qxnmzl2la4dvO/F5QFicBEYfU=",
        "owner": "yazi-rs",
        "repo": "plugins",
        "rev": "63f9650e522336e0010261dcd0ffb0bf114cf912",
        "type": "github"
      },
      "original": {
        "owner": "yazi-rs",
        "repo": "plugins",
        "type": "github"
      }
    }
  },
  "root": "root",
  "version": 7
}
