{
  "nodes": {
    "allmytoes": {
      "flake": false,
      "locked": {
        "lastModified": 1740678561,
        "narHash": "sha256-jUfw5G70p0eXaUPqbyk7SeXpHNORHeZystZWQVE4e/c=",
        "owner": "Sonico98",
        "repo": "allmytoes.yazi",
        "rev": "1e43bfd0143c396f60ef7d35e4d6b3aab7bf6439",
        "type": "github"
      },
      "original": {
        "owner": "Sonico98",
        "repo": "allmytoes.yazi",
        "type": "github"
      }
    },
    "archivemount": {
      "flake": false,
      "locked": {
        "lastModified": 1748695431,
        "narHash": "sha256-vUGyKrDPd4qVMUQpPVfs3573S2KQbp0ETer8N6nER+0=",
        "owner": "AnirudhG07",
        "repo": "archivemount.yazi",
        "rev": "a1796085ccdde3614a6c15cb837b79bfb53de43f",
        "type": "github"
      },
      "original": {
        "owner": "AnirudhG07",
        "repo": "archivemount.yazi",
        "type": "github"
      }
    },
    "augment-command": {
      "flake": false,
      "locked": {
        "lastModified": 1748767978,
        "narHash": "sha256-3UwkRi8Udpa+vJCgxGb7j5dr081RcQUavjGwsOSR5IU=",
        "owner": "hankertrix",
        "repo": "augment-command.yazi",
        "rev": "9b15ea44b8934543b97e08d61e2ffa2d3c66ff29",
        "type": "github"
      },
      "original": {
        "owner": "hankertrix",
        "repo": "augment-command.yazi",
        "type": "github"
      }
    },
    "auto-layout": {
      "flake": false,
      "locked": {
        "lastModified": 1741370133,
        "narHash": "sha256-sGyy1tLDqR1aNrxQBHcswqussorIkQX70rsR2JoC1Lo=",
        "owner": "josephschmitt",
        "repo": "auto-layout.yazi",
        "rev": "626a6016283558b9766fe305e76b694dd9fb6156",
        "type": "github"
      },
      "original": {
        "owner": "josephschmitt",
        "repo": "auto-layout.yazi",
        "type": "github"
      }
    },
    "bunny": {
      "flake": false,
      "locked": {
        "lastModified": 1749027057,
        "narHash": "sha256-HnzuR12c4wJaI7dzZrf/Zdc6yCjvsfhPEcnzNNgcLnA=",
        "owner": "stelcodes",
        "repo": "bunny.yazi",
        "rev": "a0b4e18112839f2a38dc391f6f266e3a25a8bcf5",
        "type": "github"
      },
      "original": {
        "owner": "stelcodes",
        "repo": "bunny.yazi",
        "type": "github"
      }
    },
    "bypass": {
      "flake": false,
      "locked": {
        "lastModified": 1748798783,
        "narHash": "sha256-ZndDtTMkEwuIMXG4SGe4B95Nw4fChfFhxJHj+IY30Kc=",
        "owner": "Rolv-Apneseth",
        "repo": "bypass.yazi",
        "rev": "c1e5fcf6eeed0bfceb57b9738da6db9d0fb8af56",
        "type": "github"
      },
      "original": {
        "owner": "Rolv-Apneseth",
        "repo": "bypass.yazi",
        "type": "github"
      }
    },
    "chmod": {
      "flake": false,
      "locked": {
        "lastModified": 1748701279,
        "narHash": "sha256-ZCLJ6BjMAj64/zM606qxnmzl2la4dvO/F5QFicBEYfU=",
        "owner": "yazi-rs",
        "repo": "plugins",
        "rev": "63f9650e522336e0010261dcd0ffb0bf114cf912",
        "type": "github"
      },
      "original": {
        "owner": "yazi-rs",
        "repo": "plugins",
        "type": "github"
      }
    },
    "command": {
      "flake": false,
      "locked": {
        "lastModified": 1748552460,
        "narHash": "sha256-K52tU3VHN8XKQZ6jXHtisy8fuCjtiugtiOHIEcAb7rA=",
        "owner": "KKV9",
        "repo": "command.yazi",
        "rev": "4762ecc02680e92dd3ef66ef2ddefa264052066f",
        "type": "github"
      },
      "original": {
        "owner": "KKV9",
        "repo": "command.yazi",
        "type": "github"
      }
    },
    "compress": {
      "flake": false,
      "locked": {
        "lastModified": 1748833368,
        "narHash": "sha256-VKo4HmNp5LzOlOr+SwUXGx3WsLRUVTxE7RI7kIRKoVs=",
        "owner": "KKV9",
        "repo": "compress.yazi",
        "rev": "9fc8fe0bd82e564f50eb98b95941118e7f681dc8",
        "type": "github"
      },
      "original": {
        "owner": "KKV9",
        "repo": "compress.yazi",
        "type": "github"
      }
    },
    "copy-file-contents": {
      "flake": false,
      "locked": {
        "lastModified": 1748695377,
        "narHash": "sha256-DmdEcmBdMNNVte++UlQacz+ITYC1l55q2tJWKZjXHBc=",
        "owner": "AnirudhG07",
        "repo": "plugins-yazi",
        "rev": "907e292401d764c571ca3acdeaa294a4b6dd8036",
        "type": "github"
      },
      "original": {
        "owner": "AnirudhG07",
        "repo": "plugins-yazi",
        "type": "github"
      }
    },
    "crystal": {
      "flake": false,
      "locked": {
        "lastModified": 1721394569,
        "narHash": "sha256-v+Uq9rPVRnzajXmvLhwbJbisTTbbJhZW9T9bG1u0q/w=",
        "owner": "sachinsenal0x64",
        "repo": "crystal.yazi",
        "rev": "fb7209526267d0920ca640e47563b4f7546114f6",
        "type": "github"
      },
      "original": {
        "owner": "sachinsenal0x64",
        "repo": "crystal.yazi",
        "type": "github"
      }
    },
    "custom-shell": {
      "flake": false,
      "locked": {
        "lastModified": 1748584128,
        "narHash": "sha256-B2brFAwg8xpfoDXK0K7GmawAJQBvlBQweZK0wbwr15w=",
        "owner": "AnirudhG07",
        "repo": "custom-shell.yazi",
        "rev": "c4c2fea03da2e6761303a16944fe1e3e888a8d39",
        "type": "github"
      },
      "original": {
        "owner": "AnirudhG07",
        "repo": "custom-shell.yazi",
        "type": "github"
      }
    },
    "diff": {
      "flake": false,
      "locked": {
        "lastModified": 1748701279,
        "narHash": "sha256-ZCLJ6BjMAj64/zM606qxnmzl2la4dvO/F5QFicBEYfU=",
        "owner": "yazi-rs",
        "repo": "plugins",
        "rev": "63f9650e522336e0010261dcd0ffb0bf114cf912",
        "type": "github"
      },
      "original": {
        "owner": "yazi-rs",
        "repo": "plugins",
        "type": "github"
      }
    },
    "dual-pane": {
      "flake": false,
      "locked": {
        "lastModified": 1730219654,
        "narHash": "sha256-R/TlCPfo36+cofQBU488Zl81PoRbhhOvFzT5zHYAP4Y=",
        "owner": "dawsers",
        "repo": "dual-pane.yazi",
        "rev": "c2fed127035a294d35d3328c33f25014761dcea2",
        "type": "github"
      },
      "original": {
        "owner": "dawsers",
        "repo": "dual-pane.yazi",
        "type": "github"
      }
    },
    "eza-preview": {
      "flake": false,
      "locked": {
        "lastModified": 1748833870,
        "narHash": "sha256-Q8RwpzUkZkz8FKmG+z2v1Rn9NMnkbhu+z1n3cyc/NUk=",
        "owner": "ahkohd",
        "repo": "eza-preview.yazi",
        "rev": "7a93433fa6affbc6325d654b202b73914ac9d48f",
        "type": "github"
      },
      "original": {
        "owner": "ahkohd",
        "repo": "eza-preview.yazi",
        "type": "github"
      }
    },
    "file-actions": {
      "flake": false,
      "locked": {
        "lastModified": 1749002351,
        "narHash": "sha256-Tnmio+DPXavnfds7ZABwBVV0VH8asma7k3bD5Wuzsz8=",
        "owner": "BBOOXX",
        "repo": "file-actions.yazi",
        "rev": "e2683eaca7a2e91f450c9e4621e6281dea9a79e2",
        "type": "github"
      },
      "original": {
        "owner": "BBOOXX",
        "repo": "file-actions.yazi",
        "type": "github"
      }
    },
    "file-extra-metadata": {
      "flake": false,
      "locked": {
        "lastModified": 1748562038,
        "narHash": "sha256-dUOGWePEZe6KvRYXLGBZmK7ManLvZZ+MnXvliN9+J4w=",
        "owner": "boydaihungst",
        "repo": "file-extra-metadata.yazi",
        "rev": "ec035d6e21a159740e9790e6798a5db8958a4cac",
        "type": "github"
      },
      "original": {
        "owner": "boydaihungst",
        "repo": "file-extra-metadata.yazi",
        "type": "github"
      }
    },
    "flexoki": {
      "flake": false,
      "locked": {
        "lastModified": 1706674724,
        "narHash": "sha256-qAg0BUO8jh0R1LIg4UwFLKFr247ZLi5mmwrSzEQDf1Q=",
        "owner": "Reledia",
        "repo": "flexoki.yazi",
        "rev": "2987ef67b15683d041d708275ff4625a478ff18d",
        "type": "github"
      },
      "original": {
        "owner": "Reledia",
        "repo": "flexoki.yazi",
        "type": "github"
      }
    },
    "full-border": {
      "flake": false,
      "locked": {
        "lastModified": 1748701279,
        "narHash": "sha256-ZCLJ6BjMAj64/zM606qxnmzl2la4dvO/F5QFicBEYfU=",
        "owner": "yazi-rs",
        "repo": "plugins",
        "rev": "63f9650e522336e0010261dcd0ffb0bf114cf912",
        "type": "github"
      },
      "original": {
        "owner": "yazi-rs",
        "repo": "plugins",
        "type": "github"
      }
    },
    "fuse-archive": {
      "flake": false,
      "locked": {
        "lastModified": 1737367672,
        "narHash": "sha256-xkXNcZm+IroOu0+9/qjmh9c8HODteEJ0+jAVEbTRayg=",
        "owner": "dawsers",
        "repo": "fuse-archive.yazi",
        "rev": "a58327c0073c9f78dc0d7de7da6bb48e90cb7f86",
        "type": "github"
      },
      "original": {
        "owner": "dawsers",
        "repo": "fuse-archive.yazi",
        "type": "github"
      }
    },
    "git": {
      "flake": false,
      "locked": {
        "lastModified": 1748701279,
        "narHash": "sha256-ZCLJ6BjMAj64/zM606qxnmzl2la4dvO/F5QFicBEYfU=",
        "owner": "yazi-rs",
        "repo": "plugins",
        "rev": "63f9650e522336e0010261dcd0ffb0bf114cf912",
        "type": "github"
      },
      "original": {
        "owner": "yazi-rs",
        "repo": "plugins",
        "type": "github"
      }
    },
    "githead": {
      "flake": false,
      "locked": {
        "lastModified": 1748954168,
        "narHash": "sha256-/xXsbkWnSZlBGkLF+ODWew8K0BqSylSyPsW34359150=",
        "owner": "llanosrocas",
        "repo": "githead.yazi",
        "rev": "8df5b681b878d63bbdebf8f616ef972ac9cf78aa",
        "type": "github"
      },
      "original": {
        "owner": "llanosrocas",
        "repo": "githead.yazi",
        "type": "github"
      }
    },
    "glow": {
      "flake": false,
      "locked": {
        "lastModified": 1744719787,
        "narHash": "sha256-4krck4U/KWmnl32HWRsblYW/biuqzDPysrEn76buRck=",
        "owner": "Reledia",
        "repo": "glow.yazi",
        "rev": "2da96e3ffd9cd9d4dd53e0b2636f83ff69fe9af0",
        "type": "github"
      },
      "original": {
        "owner": "Reledia",
        "repo": "glow.yazi",
        "type": "github"
      }
    },
    "hexyl": {
      "flake": false,
      "locked": {
        "lastModified": 1744660531,
        "narHash": "sha256-ly/cLKl2y3npoT2nX8ioGOFcRXI4UXbD9Es/5veUhOU=",
        "owner": "Reledia",
        "repo": "hexyl.yazi",
        "rev": "016a09bcc249dd3ce06267d54cc039e73de9c647",
        "type": "github"
      },
      "original": {
        "owner": "Reledia",
        "repo": "hexyl.yazi",
        "type": "github"
      }
    },
    "lazygit": {
      "flake": false,
      "locked": {
        "lastModified": 1743429988,
        "narHash": "sha256-OJJPgpSaUHYz8a9opVLCds+VZsK1B6T+pSRJyVgYNy8=",
        "owner": "Lil-Dank",
        "repo": "lazygit.yazi",
        "rev": "7a08a0988c2b7481d3f267f3bdc58080e6047e7d",
        "type": "github"
      },
      "original": {
        "owner": "Lil-Dank",
        "repo": "lazygit.yazi",
        "type": "github"
      }
    },
    "ls-colors": {
      "flake": false,
      "locked": {
        "lastModified": 1711262086,
        "narHash": "sha256-oAoRBD0FFxVuaQ8AAA35x5eTptVtDV7/qNYR+XrGSGE=",
        "owner": "Mellbourn",
        "repo": "ls-colors.yazi",
        "rev": "1401880b1a44e2c1809af75adb3da2a9ccb6b472",
        "type": "github"
      },
      "original": {
        "owner": "Mellbourn",
        "repo": "ls-colors.yazi",
        "type": "github"
      }
    },
    "mdcat": {
      "flake": false,
      "locked": {
        "lastModified": 1745481020,
        "narHash": "sha256-lrPFBZASnBkjfJBeQmZizllMr+IoT0Ws+Axa0FBzR0o=",
        "owner": "GrzegorzKozub",
        "repo": "mdcat.yazi",
        "rev": "7b7380a4ba81a0dc31243b9f55e4f7c255a41984",
        "type": "github"
      },
      "original": {
        "owner": "GrzegorzKozub",
        "repo": "mdcat.yazi",
        "type": "github"
      }
    },
    "miller": {
      "flake": false,
      "locked": {
        "lastModified": 1744894683,
        "narHash": "sha256-pZpx7V5ud5JhEkgkfVBSuM0CFIIUXZZ+pOX0xVlHf+0=",
        "owner": "Reledia",
        "repo": "miller.yazi",
        "rev": "0a3d1316e38132ae9a6b91fbd69bab295cbbf2fe",
        "type": "github"
      },
      "original": {
        "owner": "Reledia",
        "repo": "miller.yazi",
        "type": "github"
      }
    },
    "mime-ext": {
      "flake": false,
      "locked": {
        "lastModified": 1748701279,
        "narHash": "sha256-ZCLJ6BjMAj64/zM606qxnmzl2la4dvO/F5QFicBEYfU=",
        "owner": "yazi-rs",
        "repo": "plugins",
        "rev": "63f9650e522336e0010261dcd0ffb0bf114cf912",
        "type": "github"
      },
      "original": {
        "owner": "yazi-rs",
        "repo": "plugins",
        "type": "github"
      }
    },
    "nbpreview": {
      "flake": false,
      "locked": {
        "lastModified": 1748695396,
        "narHash": "sha256-bg/sXnY8m+bCNp1kwz7+t15LxZoICe2fYWGX1Q4QSCo=",
        "owner": "AnirudhG07",
        "repo": "nbpreview.yazi",
        "rev": "7fb073fd29a98807bc6032327b475ec9b0b5479f",
        "type": "github"
      },
      "original": {
        "owner": "AnirudhG07",
        "repo": "nbpreview.yazi",
        "type": "github"
      }
    },
    "nixpkgs": {
      "locked": {
        "lastModified": 1749070392,
        "narHash": "sha256-cbJU7nso0oOeBTdAmEWnFCHjTJjajYlUdkA/fYoRdeQ=",
        "owner": "NixOS",
        "repo": "nixpkgs",
        "rev": "7cc3f15097da348784dbe9f700b0691b5907f119",
        "type": "github"
      },
      "original": {
        "owner": "NixOS",
        "repo": "nixpkgs",
        "type": "github"
      }
    },
    "nu": {
      "flake": false,
      "locked": {
        "lastModified": 1748470106,
        "narHash": "sha256-IyYKn5FvGqm0PaZ9Ousx6sIZs0sSu7TxgS5OryU44Ts=",
        "owner": "Tyarel8",
        "repo": "nu.yazi",
        "rev": "723697cbd3c75fbcf9e67062d68923a3456bc25e",
        "type": "github"
      },
      "original": {
        "owner": "Tyarel8",
        "repo": "nu.yazi",
        "type": "github"
      }
    },
    "office": {
      "flake": false,
      "locked": {
        "lastModified": 1748885989,
        "narHash": "sha256-XE+EfVPsO09zG8qYEhN6O95mS9NJlTdOd4Gsem2KtPI=",
        "owner": "macydnah",
        "repo": "office.yazi",
        "rev": "4002d368c09841d5722d55720fd29c2eba05300f",
        "type": "github"
      },
      "original": {
        "owner": "macydnah",
        "repo": "office.yazi",
        "type": "github"
      }
    },
    "ouch": {
      "flake": false,
      "locked": {
        "lastModified": 1748797893,
        "narHash": "sha256-mtXl76a54Deg4cyrD0wr++sD/5b/kCsnJ+ngM6OokTc=",
        "owner": "ndtoan96",
        "repo": "ouch.yazi",
        "rev": "10b462765f37502065555e83c68a72bb26870fe2",
        "type": "github"
      },
      "original": {
        "owner": "ndtoan96",
        "repo": "ouch.yazi",
        "type": "github"
      }
    },
    "piper": {
      "flake": false,
      "locked": {
        "lastModified": 1748701279,
        "narHash": "sha256-ZCLJ6BjMAj64/zM606qxnmzl2la4dvO/F5QFicBEYfU=",
        "owner": "yazi-rs",
        "repo": "plugins",
        "rev": "63f9650e522336e0010261dcd0ffb0bf114cf912",
        "type": "github"
      },
      "original": {
        "owner": "yazi-rs",
        "repo": "plugins",
        "type": "github"
      }
    },
    "projects": {
      "flake": false,
      "locked": {
        "lastModified": 1748912007,
        "narHash": "sha256-Lc0MeiAuPgJTq4ojNw9hwxqPJ74S4ymn4uPTkxGeZGc=",
        "owner": "MasouShizuka",
        "repo": "projects.yazi",
        "rev": "7037dd5eee184ccb7725bdc9f7ea6faa188420d5",
        "type": "github"
      },
      "original": {
        "owner": "MasouShizuka",
        "repo": "projects.yazi",
        "type": "github"
      }
    },
    "reflink": {
      "flake": false,
      "locked": {
        "lastModified": 1739095783,
        "narHash": "sha256-YTGaywjGzxDoog8GgBbF94GG0Uw55QHGBM8Sb5uUugA=",
        "owner": "Ape",
        "repo": "reflink.yazi",
        "rev": "ab7bbf84f0446a7afd7ae0d6fddf3e4bc54e93ca",
        "type": "github"
      },
      "original": {
        "owner": "Ape",
        "repo": "reflink.yazi",
        "type": "github"
      }
    },
    "root": {
      "inputs": {
        "allmytoes": "allmytoes",
        "archivemount": "archivemount",
        "augment-command": "augment-command",
        "auto-layout": "auto-layout",
        "bunny": "bunny",
        "bypass": "bypass",
        "chmod": "chmod",
        "command": "command",
        "compress": "compress",
        "copy-file-contents": "copy-file-contents",
        "crystal": "crystal",
        "custom-shell": "custom-shell",
        "diff": "diff",
        "dual-pane": "dual-pane",
        "eza-preview": "eza-preview",
        "file-actions": "file-actions",
        "file-extra-metadata": "file-extra-metadata",
        "flexoki": "flexoki",
        "full-border": "full-border",
        "fuse-archive": "fuse-archive",
        "git": "git",
        "githead": "githead",
        "glow": "glow",
        "hexyl": "hexyl",
        "lazygit": "lazygit",
        "ls-colors": "ls-colors",
        "mdcat": "mdcat",
        "miller": "miller",
        "mime-ext": "mime-ext",
        "nbpreview": "nbpreview",
        "nixpkgs": "nixpkgs",
        "nu": "nu",
        "office": "office",
        "ouch": "ouch",
        "piper": "piper",
        "projects": "projects",
        "reflink": "reflink",
        "rose-pine": "rose-pine",
        "save-clipboard-to-file": "save-clipboard-to-file",
        "smart-enter": "smart-enter",
        "smart-filter": "smart-filter",
        "starship": "starship",
        "sudo": "sudo",
        "sxiv": "sxiv",
        "system-clipboard": "system-clipboard",
        "toggle-pane": "toggle-pane",
        "tokyonight-night": "tokyonight-night",
        "torrent-preview": "torrent-preview",
        "vcs-files": "vcs-files",
        "wl-clipboard": "wl-clipboard",
        "yatline": "yatline",
        "yatline-symlink": "yatline-symlink",
        "yazi-plugins": "yazi-plugins"
      }
    },
    "rose-pine": {
      "flake": false,
      "locked": {
        "lastModified": 1707245402,
        "narHash": "sha256-Ygx3tyefGcq3Qqk/72RSJbT5K8G7wVqIk2rCI0vKkNQ=",
        "owner": "Msouza91",
        "repo": "rose-pine.yazi",
        "rev": "4101d0d9c475f23d94b7262e7fd945930378807e",
        "type": "github"
      },
      "original": {
        "owner": "Msouza91",
        "repo": "rose-pine.yazi",
        "type": "github"
      }
    },
    "save-clipboard-to-file": {
      "flake": false,
      "locked": {
        "lastModified": 1748598705,
        "narHash": "sha256-dyD/FncQrLEq3mP6Qd/sPIKSTJVNGiPYtG4Ut3ToZm4=",
        "owner": "boydaihungst",
        "repo": "save-clipboard-to-file.yazi",
        "rev": "e24e40a630d700c2f0e352408478df4c32498db6",
        "type": "github"
      },
      "original": {
        "owner": "boydaihungst",
        "repo": "save-clipboard-to-file.yazi",
        "type": "github"
      }
    },
    "smart-enter": {
      "flake": false,
      "locked": {
        "lastModified": 1748701279,
        "narHash": "sha256-ZCLJ6BjMAj64/zM606qxnmzl2la4dvO/F5QFicBEYfU=",
        "owner": "yazi-rs",
        "repo": "plugins",
        "rev": "63f9650e522336e0010261dcd0ffb0bf114cf912",
        "type": "github"
      },
      "original": {
        "owner": "yazi-rs",
        "repo": "plugins",
        "type": "github"
      }
    },
    "smart-filter": {
      "flake": false,
      "locked": {
        "lastModified": 1748701279,
        "narHash": "sha256-ZCLJ6BjMAj64/zM606qxnmzl2la4dvO/F5QFicBEYfU=",
        "owner": "yazi-rs",
        "repo": "plugins",
        "rev": "63f9650e522336e0010261dcd0ffb0bf114cf912",
        "type": "github"
      },
      "original": {
        "owner": "yazi-rs",
        "repo": "plugins",
        "type": "github"
      }
    },
    "starship": {
      "flake": false,
      "locked": {
        "lastModified": 1748798679,
        "narHash": "sha256-q1G0Y4JAuAv8+zckImzbRvozVn489qiYVGFQbdCxC98=",
        "owner": "Rolv-Apneseth",
        "repo": "starship.yazi",
        "rev": "6a0f3f788971b155cbc7cec47f6f11aebbc148c9",
        "type": "github"
      },
      "original": {
        "owner": "Rolv-Apneseth",
        "repo": "starship.yazi",
        "type": "github"
      }
    },
    "sudo": {
      "flake": false,
      "locked": {
        "lastModified": 1739035136,
        "narHash": "sha256-IvTBAhZrbrNJ5nsLxr35V0ntQw89yXUdoU9ashbflYY=",
        "owner": "TD-Sky",
        "repo": "sudo.yazi",
        "rev": "af70636fbcf30ef17f77c5ffcfcbf1342c554be1",
        "type": "github"
      },
      "original": {
        "owner": "TD-Sky",
        "repo": "sudo.yazi",
        "type": "github"
      }
    },
    "sxiv": {
      "flake": false,
      "locked": {
        "lastModified": 1742866351,
        "narHash": "sha256-c53IlAhSFsKcxeettKLvvfIJR0Dj7RBvv53guEjvyXc=",
        "owner": "NoponyAsked",
        "repo": "sxiv.yazi",
        "rev": "ed2d5c87581d3f2d356f784d94f673d0380fa67d",
        "type": "github"
      },
      "original": {
        "owner": "NoponyAsked",
        "repo": "sxiv.yazi",
        "type": "github"
      }
    },
    "system-clipboard": {
      "flake": false,
      "locked": {
        "lastModified": 1742134812,
        "narHash": "sha256-zOQQvbkXq71t2E4x45oM4MzVRlZ4hhe6RkvgcP8tdYE=",
        "owner": "orhnk",
        "repo": "system-clipboard.yazi",
        "rev": "efb8f03e632adcdc6677fd5f471c74f4c71fdf9a",
        "type": "github"
      },
      "original": {
        "owner": "orhnk",
        "repo": "system-clipboard.yazi",
        "type": "github"
      }
    },
    "toggle-pane": {
      "flake": false,
      "locked": {
        "lastModified": 1748701279,
        "narHash": "sha256-ZCLJ6BjMAj64/zM606qxnmzl2la4dvO/F5QFicBEYfU=",
        "owner": "yazi-rs",
        "repo": "plugins",
        "rev": "63f9650e522336e0010261dcd0ffb0bf114cf912",
        "type": "github"
      },
      "original": {
        "owner": "yazi-rs",
        "repo": "plugins",
        "type": "github"
      }
    },
    "tokyonight-night": {
      "flake": false,
      "locked": {
        "lastModified": 1748984016,
        "narHash": "sha256-8D1hrusX9IdlV6Br0bKfww6othFqDiejGnEtBwyh1ak=",
        "owner": "kalidyasin",
        "repo": "yazi-flavors",
        "rev": "fa19b40767f084c541a63196046a307d0507098e",
        "type": "github"
      },
      "original": {
        "owner": "kalidyasin",
        "repo": "yazi-flavors",
        "type": "github"
      }
    },
    "torrent-preview": {
      "flake": false,
      "locked": {
        "lastModified": 1740332960,
        "narHash": "sha256-vaeOdNa56wwzBV6DgJjprRlrAcz2yGUYsOveTJKFv6M=",
        "owner": "kirasok",
        "repo": "torrent-preview.yazi",
        "rev": "4ca5996a8264457cbefff8e430acfca4900a0453",
        "type": "github"
      },
      "original": {
        "owner": "kirasok",
        "repo": "torrent-preview.yazi",
        "type": "github"
      }
    },
    "vcs-files": {
      "flake": false,
      "locked": {
        "lastModified": 1748701279,
        "narHash": "sha256-ZCLJ6BjMAj64/zM606qxnmzl2la4dvO/F5QFicBEYfU=",
        "owner": "yazi-rs",
        "repo": "plugins",
        "rev": "63f9650e522336e0010261dcd0ffb0bf114cf912",
        "type": "github"
      },
      "original": {
        "owner": "yazi-rs",
        "repo": "plugins",
        "type": "github"
      }
    },
    "wl-clipboard": {
      "flake": false,
      "locked": {
        "lastModified": 1736035356,
        "narHash": "sha256-jlZgN93HjfK+7H27Ifk7fs0jJaIdnOyY1wKxHz1wX2c=",
        "owner": "grappas",
        "repo": "wl-clipboard.yazi",
        "rev": "c4edc4f6adf088521f11d0acf2b70610c31924f0",
        "type": "github"
      },
      "original": {
        "owner": "grappas",
        "repo": "wl-clipboard.yazi",
        "type": "github"
      }
    },
    "yatline": {
      "flake": false,
      "locked": {
        "lastModified": 1748679891,
        "narHash": "sha256-7uk8QXAlck0/4bynPdh/m7Os2ayW1UXbELmusPqRmf4=",
        "owner": "imsi32",
        "repo": "yatline.yazi",
        "rev": "4872af0da53023358154c8233ab698581de5b2b2",
        "type": "github"
      },
      "original": {
        "owner": "imsi32",
        "repo": "yatline.yazi",
        "type": "github"
      }
    },
    "yatline-symlink": {
      "flake": false,
      "locked": {
        "lastModified": 1738601112,
        "narHash": "sha256-v+EmMbrccAlzeR9rhmlFq0f+899l624EhWx1DFz+qzc=",
        "owner": "lpanebr",
        "repo": "yazi-plugins",
        "rev": "ca18a2cfb893e3608997c9de54acced124373871",
        "type": "github"
      },
      "original": {
        "owner": "lpanebr",
        "repo": "yazi-plugins",
        "type": "github"
      }
    },
    "yazi-plugins": {
      "flake": false,
      "locked": {
        "lastModified": 1748701279,
        "narHash": "sha256-ZCLJ6BjMAj64/zM606qxnmzl2la4dvO/F5QFicBEYfU=",
        "owner": "yazi-rs",
        "repo": "plugins",
        "rev": "63f9650e522336e0010261dcd0ffb0bf114cf912",
        "type": "github"
      },
      "original": {
        "owner": "yazi-rs",
        "repo": "plugins",
        "type": "github"
      }
    }
  },
  "root": "root",
  "version": 7
}
